
Microsoft Visual Studio Solution File, Format Version 12.00
Project("{2150E333-8FDC-42A3-9474-1A3956D46DE8}") = "StorageService", "StorageService", "{9F4D2BCC-9F8F-4FE5-B079-7D63FD56C95B}"
EndProject
Project("{2150E333-8FDC-42A3-9474-1A3956D46DE8}") = "ReservationService", "ReservationService", "{901D120E-2C0D-434B-8BDD-1672FCBAAC18}"
EndProject
Project("{2150E333-8FDC-42A3-9474-1A3956D46DE8}") = "Core", "Core", "{60480B19-187E-40EB-93C5-863A799D125F}"
EndProject
Project("{FAE04EC0-301F-11D3-BF4B-00C04F79EFBC}") = "Primitives", "Primitives\Primitives.csproj", "{10ADE953-4770-407E-9C92-EF4D8B004174}"
EndProject
Project("{FAE04EC0-301F-11D3-BF4B-00C04F79EFBC}") = "Reservation.Entities", "Reservation.Entities\Reservation.Entities.csproj", "{06F7BFBB-A97E-4877-B2E5-42FDD68E1CA2}"
EndProject
Project("{FAE04EC0-301F-11D3-BF4B-00C04F79EFBC}") = "Storage.Entities", "Storage.Entities\Storage.Entities.csproj", "{D751BC3D-8CA4-47C0-89E9-562AC20B81A8}"
EndProject
Project("{FAE04EC0-301F-11D3-BF4B-00C04F79EFBC}") = "Infra", "Infra\Infra.csproj", "{4A68749B-D713-4CD6-86F1-E9B38C0A162D}"
EndProject
Project("{FAE04EC0-301F-11D3-BF4B-00C04F79EFBC}") = "Reservation.Infra", "Reservation.Infra\Reservation.Infra.csproj", "{4D94424D-DEF8-41A2-A31A-96A3DD4D8B35}"
EndProject
Project("{FAE04EC0-301F-11D3-BF4B-00C04F79EFBC}") = "Storage.Infra", "Storage.Infra\Storage.Infra.csproj", "{764D0E69-781E-4051-82C0-EBE2A37080A8}"
EndProject
Project("{FAE04EC0-301F-11D3-BF4B-00C04F79EFBC}") = "Events", "Events\Events.csproj", "{0B42AC06-8581-4FD6-A6EB-3F976D48AC1C}"
EndProject
Project("{FAE04EC0-301F-11D3-BF4B-00C04F79EFBC}") = "Storage.Events", "Storage.Events\Storage.Events.csproj", "{BDB83113-53CF-461C-AC75-F42C2AC9D3BA}"
EndProject
Project("{FAE04EC0-301F-11D3-BF4B-00C04F79EFBC}") = "Reservation.Services", "Reservation.Services\Reservation.Services.csproj", "{B1612D9B-CE1C-4128-A903-71961BCEDFE5}"
EndProject
Project("{FAE04EC0-301F-11D3-BF4B-00C04F79EFBC}") = "Storage.Api", "Storage.Api\Storage.Api.csproj", "{CCC63478-F2BC-4394-B618-092A7DE4CBCE}"
EndProject
Project("{FAE04EC0-301F-11D3-BF4B-00C04F79EFBC}") = "Reservation.Api", "Reservation.Api\Reservation.Api.csproj", "{92B592D6-1350-4665-9545-F123ABC8C949}"
EndProject
Project("{FAE04EC0-301F-11D3-BF4B-00C04F79EFBC}") = "Storage.Services", "Storage.Services\Storage.Services.csproj", "{F80F7301-38AE-4E72-AA24-BF87479056AC}"
EndProject
Global
	GlobalSection(SolutionConfigurationPlatforms) = preSolution
		Debug|Any CPU = Debug|Any CPU
		Release|Any CPU = Release|Any CPU
	EndGlobalSection
	GlobalSection(ProjectConfigurationPlatforms) = postSolution
		{10ADE953-4770-407E-9C92-EF4D8B004174}.Debug|Any CPU.ActiveCfg = Debug|Any CPU
		{10ADE953-4770-407E-9C92-EF4D8B004174}.Debug|Any CPU.Build.0 = Debug|Any CPU
		{10ADE953-4770-407E-9C92-EF4D8B004174}.Release|Any CPU.ActiveCfg = Release|Any CPU
		{10ADE953-4770-407E-9C92-EF4D8B004174}.Release|Any CPU.Build.0 = Release|Any CPU
		{06F7BFBB-A97E-4877-B2E5-42FDD68E1CA2}.Debug|Any CPU.ActiveCfg = Debug|Any CPU
		{06F7BFBB-A97E-4877-B2E5-42FDD68E1CA2}.Debug|Any CPU.Build.0 = Debug|Any CPU
		{06F7BFBB-A97E-4877-B2E5-42FDD68E1CA2}.Release|Any CPU.ActiveCfg = Release|Any CPU
		{06F7BFBB-A97E-4877-B2E5-42FDD68E1CA2}.Release|Any CPU.Build.0 = Release|Any CPU
		{D751BC3D-8CA4-47C0-89E9-562AC20B81A8}.Debug|Any CPU.ActiveCfg = Debug|Any CPU
		{D751BC3D-8CA4-47C0-89E9-562AC20B81A8}.Debug|Any CPU.Build.0 = Debug|Any CPU
		{D751BC3D-8CA4-47C0-89E9-562AC20B81A8}.Release|Any CPU.ActiveCfg = Release|Any CPU
		{D751BC3D-8CA4-47C0-89E9-562AC20B81A8}.Release|Any CPU.Build.0 = Release|Any CPU
		{4A68749B-D713-4CD6-86F1-E9B38C0A162D}.Debug|Any CPU.ActiveCfg = Debug|Any CPU
		{4A68749B-D713-4CD6-86F1-E9B38C0A162D}.Debug|Any CPU.Build.0 = Debug|Any CPU
		{4A68749B-D713-4CD6-86F1-E9B38C0A162D}.Release|Any CPU.ActiveCfg = Release|Any CPU
		{4A68749B-D713-4CD6-86F1-E9B38C0A162D}.Release|Any CPU.Build.0 = Release|Any CPU
		{4D94424D-DEF8-41A2-A31A-96A3DD4D8B35}.Debug|Any CPU.ActiveCfg = Debug|Any CPU
		{4D94424D-DEF8-41A2-A31A-96A3DD4D8B35}.Debug|Any CPU.Build.0 = Debug|Any CPU
		{4D94424D-DEF8-41A2-A31A-96A3DD4D8B35}.Release|Any CPU.ActiveCfg = Release|Any CPU
		{4D94424D-DEF8-41A2-A31A-96A3DD4D8B35}.Release|Any CPU.Build.0 = Release|Any CPU
		{764D0E69-781E-4051-82C0-EBE2A37080A8}.Debug|Any CPU.ActiveCfg = Debug|Any CPU
		{764D0E69-781E-4051-82C0-EBE2A37080A8}.Debug|Any CPU.Build.0 = Debug|Any CPU
		{764D0E69-781E-4051-82C0-EBE2A37080A8}.Release|Any CPU.ActiveCfg = Release|Any CPU
		{764D0E69-781E-4051-82C0-EBE2A37080A8}.Release|Any CPU.Build.0 = Release|Any CPU
		{0B42AC06-8581-4FD6-A6EB-3F976D48AC1C}.Debug|Any CPU.ActiveCfg = Debug|Any CPU
		{0B42AC06-8581-4FD6-A6EB-3F976D48AC1C}.Debug|Any CPU.Build.0 = Debug|Any CPU
		{0B42AC06-8581-4FD6-A6EB-3F976D48AC1C}.Release|Any CPU.ActiveCfg = Release|Any CPU
		{0B42AC06-8581-4FD6-A6EB-3F976D48AC1C}.Release|Any CPU.Build.0 = Release|Any CPU
		{BDB83113-53CF-461C-AC75-F42C2AC9D3BA}.Debug|Any CPU.ActiveCfg = Debug|Any CPU
		{BDB83113-53CF-461C-AC75-F42C2AC9D3BA}.Debug|Any CPU.Build.0 = Debug|Any CPU
		{BDB83113-53CF-461C-AC75-F42C2AC9D3BA}.Release|Any CPU.ActiveCfg = Release|Any CPU
		{BDB83113-53CF-461C-AC75-F42C2AC9D3BA}.Release|Any CPU.Build.0 = Release|Any CPU
		{B1612D9B-CE1C-4128-A903-71961BCEDFE5}.Debug|Any CPU.ActiveCfg = Debug|Any CPU
		{B1612D9B-CE1C-4128-A903-71961BCEDFE5}.Debug|Any CPU.Build.0 = Debug|Any CPU
		{B1612D9B-CE1C-4128-A903-71961BCEDFE5}.Release|Any CPU.ActiveCfg = Release|Any CPU
		{B1612D9B-CE1C-4128-A903-71961BCEDFE5}.Release|Any CPU.Build.0 = Release|Any CPU
		{CCC63478-F2BC-4394-B618-092A7DE4CBCE}.Debug|Any CPU.ActiveCfg = Debug|Any CPU
		{CCC63478-F2BC-4394-B618-092A7DE4CBCE}.Debug|Any CPU.Build.0 = Debug|Any CPU
		{CCC63478-F2BC-4394-B618-092A7DE4CBCE}.Release|Any CPU.ActiveCfg = Release|Any CPU
		{CCC63478-F2BC-4394-B618-092A7DE4CBCE}.Release|Any CPU.Build.0 = Release|Any CPU
		{92B592D6-1350-4665-9545-F123ABC8C949}.Debug|Any CPU.ActiveCfg = Debug|Any CPU
		{92B592D6-1350-4665-9545-F123ABC8C949}.Debug|Any CPU.Build.0 = Debug|Any CPU
		{92B592D6-1350-4665-9545-F123ABC8C949}.Release|Any CPU.ActiveCfg = Release|Any CPU
		{92B592D6-1350-4665-9545-F123ABC8C949}.Release|Any CPU.Build.0 = Release|Any CPU
		{F80F7301-38AE-4E72-AA24-BF87479056AC}.Debug|Any CPU.ActiveCfg = Debug|Any CPU
		{F80F7301-38AE-4E72-AA24-BF87479056AC}.Debug|Any CPU.Build.0 = Debug|Any CPU
		{F80F7301-38AE-4E72-AA24-BF87479056AC}.Release|Any CPU.ActiveCfg = Release|Any CPU
		{F80F7301-38AE-4E72-AA24-BF87479056AC}.Release|Any CPU.Build.0 = Release|Any CPU
	EndGlobalSection
	GlobalSection(NestedProjects) = preSolution
		{10ADE953-4770-407E-9C92-EF4D8B004174} = {60480B19-187E-40EB-93C5-863A799D125F}
		{06F7BFBB-A97E-4877-B2E5-42FDD68E1CA2} = {901D120E-2C0D-434B-8BDD-1672FCBAAC18}
		{D751BC3D-8CA4-47C0-89E9-562AC20B81A8} = {9F4D2BCC-9F8F-4FE5-B079-7D63FD56C95B}
		{4A68749B-D713-4CD6-86F1-E9B38C0A162D} = {60480B19-187E-40EB-93C5-863A799D125F}
		{4D94424D-DEF8-41A2-A31A-96A3DD4D8B35} = {901D120E-2C0D-434B-8BDD-1672FCBAAC18}
		{764D0E69-781E-4051-82C0-EBE2A37080A8} = {9F4D2BCC-9F8F-4FE5-B079-7D63FD56C95B}
		{0B42AC06-8581-4FD6-A6EB-3F976D48AC1C} = {60480B19-187E-40EB-93C5-863A799D125F}
		{BDB83113-53CF-461C-AC75-F42C2AC9D3BA} = {9F4D2BCC-9F8F-4FE5-B079-7D63FD56C95B}
		{B1612D9B-CE1C-4128-A903-71961BCEDFE5} = {901D120E-2C0D-434B-8BDD-1672FCBAAC18}
		{CCC63478-F2BC-4394-B618-092A7DE4CBCE} = {9F4D2BCC-9F8F-4FE5-B079-7D63FD56C95B}
		{92B592D6-1350-4665-9545-F123ABC8C949} = {901D120E-2C0D-434B-8BDD-1672FCBAAC18}
		{F80F7301-38AE-4E72-AA24-BF87479056AC} = {9F4D2BCC-9F8F-4FE5-B079-7D63FD56C95B}
	EndGlobalSection
EndGlobal
